dependencies:
- name: dashboard
  repository: https://eddycharly.github.io/tekton-helm
  version: 0.6.4
- name: pipelines
  repository: https://eddycharly.github.io/tekton-helm
  version: 0.12.0
digest: sha256:66d800dc5a0c3eb3219227b08d1cf95901ac8933fd32dba073cb279462098b19
generated: "2022-11-11T13:42:41.145623Z"
